// !$*UTF8*$!
{
	archiveVersion = 1;
	classes = {
	};
	objectVersion = 50;
	objects = {

/* Begin PBXBuildFile section */
		8E0013EF21470C7400BC9D10 /* AppDelegate.swift in Sources */ = {isa = PBXBuildFile; fileRef = 8E0013EE21470C7400BC9D10 /* AppDelegate.swift */; };
		8E0013F121470C7400BC9D10 /* ViewController.swift in Sources */ = {isa = PBXBuildFile; fileRef = 8E0013F021470C7400BC9D10 /* ViewController.swift */; };
		8E0013F421470C7400BC9D10 /* Main.storyboard in Resources */ = {isa = PBXBuildFile; fileRef = 8E0013F221470C7400BC9D10 /* Main.storyboard */; };
		8E0013F621470C7500BC9D10 /* Assets.xcassets in Resources */ = {isa = PBXBuildFile; fileRef = 8E0013F521470C7500BC9D10 /* Assets.xcassets */; };
		8E0013F921470C7500BC9D10 /* LaunchScreen.storyboard in Resources */ = {isa = PBXBuildFile; fileRef = 8E0013F721470C7500BC9D10 /* LaunchScreen.storyboard */; };
		8E00140421470C7500BC9D10 /* Beast_ListTests.swift in Sources */ = {isa = PBXBuildFile; fileRef = 8E00140321470C7500BC9D10 /* Beast_ListTests.swift */; };
		8E00140F21470C7500BC9D10 /* Beast_ListUITests.swift in Sources */ = {isa = PBXBuildFile; fileRef = 8E00140E21470C7500BC9D10 /* Beast_ListUITests.swift */; };
/* End PBXBuildFile section */

/* Begin PBXContainerItemProxy section */
		8E00140021470C7500BC9D10 /* PBXContainerItemProxy */ = {
			isa = PBXContainerItemProxy;
			containerPortal = 8E0013E321470C7400BC9D10 /* Project object */;
			proxyType = 1;
			remoteGlobalIDString = 8E0013EA21470C7400BC9D10;
			remoteInfo = "Beast List";
		};
		8E00140B21470C7500BC9D10 /* PBXContainerItemProxy */ = {
			isa = PBXContainerItemProxy;
			containerPortal = 8E0013E321470C7400BC9D10 /* Project object */;
			proxyType = 1;
			remoteGlobalIDString = 8E0013EA21470C7400BC9D10;
			remoteInfo = "Beast List";
		};
/* End PBXContainerItemProxy section */

/* Begin PBXFileReference section */
		8E0013EB21470C7400BC9D10 /* Beast List.app */ = {isa = PBXFileReference; explicitFileType = wrapper.application; includeInIndex = 0; path = "Beast List.app"; sourceTree = BUILT_PRODUCTS_DIR; };
		8E0013EE21470C7400BC9D10 /* AppDelegate.swift */ = {isa = PBXFileReference; lastKnownFileType = sourcecode.swift; path = AppDelegate.swift; sourceTree = "<group>"; };
		8E0013F021470C7400BC9D10 /* ViewController.swift */ = {isa = PBXFileReference; lastKnownFileType = sourcecode.swift; path = ViewController.swift; sourceTree = "<group>"; };
		8E0013F321470C7400BC9D10 /* Base */ = {isa = PBXFileReference; lastKnownFileType = file.storyboard; name = Base; path = Base.lproj/Main.storyboard; sourceTree = "<group>"; };
		8E0013F521470C7500BC9D10 /* Assets.xcassets */ = {isa = PBXFileReference; lastKnownFileType = folder.assetcatalog; path = Assets.xcassets; sourceTree = "<group>"; };
		8E0013F821470C7500BC9D10 /* Base */ = {isa = PBXFileReference; lastKnownFileType = file.storyboard; name = Base; path = Base.lproj/LaunchScreen.storyboard; sourceTree = "<group>"; };
		8E0013FA21470C7500BC9D10 /* Info.plist */ = {isa = PBXFileReference; lastKnownFileType = text.plist.xml; path = Info.plist; sourceTree = "<group>"; };
		8E0013FF21470C7500BC9D10 /* Beast ListTests.xctest */ = {isa = PBXFileReference; explicitFileType = wrapper.cfbundle; includeInIndex = 0; path = "Beast ListTests.xctest"; sourceTree = BUILT_PRODUCTS_DIR; };
		8E00140321470C7500BC9D10 /* Beast_ListTests.swift */ = {isa = PBXFileReference; lastKnownFileType = sourcecode.swift; path = Beast_ListTests.swift; sourceTree = "<group>"; };
		8E00140521470C7500BC9D10 /* Info.plist */ = {isa = PBXFileReference; lastKnownFileType = text.plist.xml; path = Info.plist; sourceTree = "<group>"; };
		8E00140A21470C7500BC9D10 /* Beast ListUITests.xctest */ = {isa = PBXFileReference; explicitFileType = wrapper.cfbundle; includeInIndex = 0; path = "Beast ListUITests.xctest"; sourceTree = BUILT_PRODUCTS_DIR; };
		8E00140E21470C7500BC9D10 /* Beast_ListUITests.swift */ = {isa = PBXFileReference; lastKnownFileType = sourcecode.swift; path = Beast_ListUITests.swift; sourceTree = "<group>"; };
		8E00141021470C7500BC9D10 /* Info.plist */ = {isa = PBXFileReference; lastKnownFileType = text.plist.xml; path = Info.plist; sourceTree = "<group>"; };
/* End PBXFileReference section */

/* Begin PBXFrameworksBuildPhase section */
		8E0013E821470C7400BC9D10 /* Frameworks */ = {
			isa = PBXFrameworksBuildPhase;
			buildActionMask = 2147483647;
			files = (
			);
			runOnlyForDeploymentPostprocessing = 0;
		};
		8E0013FC21470C7500BC9D10 /* Frameworks */ = {
			isa = PBXFrameworksBuildPhase;
			buildActionMask = 2147483647;
			files = (
			);
			runOnlyForDeploymentPostprocessing = 0;
		};
		8E00140721470C7500BC9D10 /* Frameworks */ = {
			isa = PBXFrameworksBuildPhase;
			buildActionMask = 2147483647;
			files = (
			);
			runOnlyForDeploymentPostprocessing = 0;
		};
/* End PBXFrameworksBuildPhase section */

/* Begin PBXGroup section */
		8E0013E221470C7400BC9D10 = {
			isa = PBXGroup;
			children = (
				8E0013ED21470C7400BC9D10 /* Beast List */,
				8E00140221470C7500BC9D10 /* Beast ListTests */,
				8E00140D21470C7500BC9D10 /* Beast ListUITests */,
				8E0013EC21470C7400BC9D10 /* Products */,
			);
			sourceTree = "<group>";
		};
		8E0013EC21470C7400BC9D10 /* Products */ = {
			isa = PBXGroup;
			children = (
				8E0013EB21470C7400BC9D10 /* Beast List.app */,
				8E0013FF21470C7500BC9D10 /* Beast ListTests.xctest */,
				8E00140A21470C7500BC9D10 /* Beast ListUITests.xctest */,
			);
			name = Products;
			sourceTree = "<group>";
		};
		8E0013ED21470C7400BC9D10 /* Beast List */ = {
			isa = PBXGroup;
			children = (
				8E0013EE21470C7400BC9D10 /* AppDelegate.swift */,
				8E0013F021470C7400BC9D10 /* ViewController.swift */,
				8E0013F221470C7400BC9D10 /* Main.storyboard */,
				8E0013F521470C7500BC9D10 /* Assets.xcassets */,
				8E0013F721470C7500BC9D10 /* LaunchScreen.storyboard */,
				8E0013FA21470C7500BC9D10 /* Info.plist */,
			);
			path = "Beast List";
			sourceTree = "<group>";
		};
		8E00140221470C7500BC9D10 /* Beast ListTests */ = {
			isa = PBXGroup;
			children = (
				8E00140321470C7500BC9D10 /* Beast_ListTests.swift */,
				8E00140521470C7500BC9D10 /* Info.plist */,
			);
			path = "Beast ListTests";
			sourceTree = "<group>";
		};
		8E00140D21470C7500BC9D10 /* Beast ListUITests */ = {
			isa = PBXGroup;
			children = (
				8E00140E21470C7500BC9D10 /* Beast_ListUITests.swift */,
				8E00141021470C7500BC9D10 /* Info.plist */,
			);
			path = "Beast ListUITests";
			sourceTree = "<group>";
		};
/* End PBXGroup section */

/* Begin PBXNativeTarget section */
		8E0013EA21470C7400BC9D10 /* Beast List */ = {
			isa = PBXNativeTarget;
			buildConfigurationList = 8E00141321470C7500BC9D10 /* Build configuration list for PBXNativeTarget "Beast List" */;
			buildPhases = (
				8E0013E721470C7400BC9D10 /* Sources */,
				8E0013E821470C7400BC9D10 /* Frameworks */,
				8E0013E921470C7400BC9D10 /* Resources */,
			);
			buildRules = (
			);
			dependencies = (
			);
			name = "Beast List";
			productName = "Beast List";
			productReference = 8E0013EB21470C7400BC9D10 /* Beast List.app */;
			productType = "com.apple.product-type.application";
		};
		8E0013FE21470C7500BC9D10 /* Beast ListTests */ = {
			isa = PBXNativeTarget;
			buildConfigurationList = 8E00141621470C7500BC9D10 /* Build configuration list for PBXNativeTarget "Beast ListTests" */;
			buildPhases = (
				8E0013FB21470C7500BC9D10 /* Sources */,
				8E0013FC21470C7500BC9D10 /* Frameworks */,
				8E0013FD21470C7500BC9D10 /* Resources */,
			);
			buildRules = (
			);
			dependencies = (
				8E00140121470C7500BC9D10 /* PBXTargetDependency */,
			);
			name = "Beast ListTests";
			productName = "Beast ListTests";
			productReference = 8E0013FF21470C7500BC9D10 /* Beast ListTests.xctest */;
			productType = "com.apple.product-type.bundle.unit-test";
		};
		8E00140921470C7500BC9D10 /* Beast ListUITests */ = {
			isa = PBXNativeTarget;
			buildConfigurationList = 8E00141921470C7500BC9D10 /* Build configuration list for PBXNativeTarget "Beast ListUITests" */;
			buildPhases = (
				8E00140621470C7500BC9D10 /* Sources */,
				8E00140721470C7500BC9D10 /* Frameworks */,
				8E00140821470C7500BC9D10 /* Resources */,
			);
			buildRules = (
			);
			dependencies = (
				8E00140C21470C7500BC9D10 /* PBXTargetDependency */,
			);
			name = "Beast ListUITests";
			productName = "Beast ListUITests";
			productReference = 8E00140A21470C7500BC9D10 /* Beast ListUITests.xctest */;
			productType = "com.apple.product-type.bundle.ui-testing";
		};
/* End PBXNativeTarget section */

/* Begin PBXProject section */
		8E0013E321470C7400BC9D10 /* Project object */ = {
			isa = PBXProject;
			attributes = {
				LastSwiftUpdateCheck = 0940;
				LastUpgradeCheck = 0940;
				ORGANIZATIONNAME = "Neil Sood";
				TargetAttributes = {
					8E0013EA21470C7400BC9D10 = {
						CreatedOnToolsVersion = 9.4.1;
					};
					8E0013FE21470C7500BC9D10 = {
						CreatedOnToolsVersion = 9.4.1;
						TestTargetID = 8E0013EA21470C7400BC9D10;
					};
					8E00140921470C7500BC9D10 = {
						CreatedOnToolsVersion = 9.4.1;
						TestTargetID = 8E0013EA21470C7400BC9D10;
					};
				};
			};
			buildConfigurationList = 8E0013E621470C7400BC9D10 /* Build configuration list for PBXProject "Beast List" */;
			compatibilityVersion = "Xcode 9.3";
			developmentRegion = en;
			hasScannedForEncodings = 0;
			knownRegions = (
				en,
				Base,
			);
			mainGroup = 8E0013E221470C7400BC9D10;
			productRefGroup = 8E0013EC21470C7400BC9D10 /* Products */;
			projectDirPath = "";
			projectRoot = "";
			targets = (
				8E0013EA21470C7400BC9D10 /* Beast List */,
				8E0013FE21470C7500BC9D10 /* Beast ListTests */,
				8E00140921470C7500BC9D10 /* Beast ListUITests */,
			);
		};
/* End PBXProject section */

/* Begin PBXResourcesBuildPhase section */
		8E0013E921470C7400BC9D10 /* Resources */ = {
			isa = PBXResourcesBuildPhase;
			buildActionMask = 2147483647;
			files = (
				8E0013F921470C7500BC9D10 /* LaunchScreen.storyboard in Resources */,
				8E0013F621470C7500BC9D10 /* Assets.xcassets in Resources */,
				8E0013F421470C7400BC9D10 /* Main.storyboard in Resources */,
			);
			runOnlyForDeploymentPostprocessing = 0;
		};
		8E0013FD21470C7500BC9D10 /* Resources */ = {
			isa = PBXResourcesBuildPhase;
			buildActionMask = 2147483647;
			files = (
			);
			runOnlyForDeploymentPostprocessing = 0;
		};
		8E00140821470C7500BC9D10 /* Resources */ = {
			isa = PBXResourcesBuildPhase;
			buildActionMask = 2147483647;
			files = (
			);
			runOnlyForDeploymentPostprocessing = 0;
		};
/* End PBXResourcesBuildPhase section */

/* Begin PBXSourcesBuildPhase section */
		8E0013E721470C7400BC9D10 /* Sources */ = {
			isa = PBXSourcesBuildPhase;
			buildActionMask = 2147483647;
			files = (
				8E0013F121470C7400BC9D10 /* ViewController.swift in Sources */,
				8E0013EF21470C7400BC9D10 /* AppDelegate.swift in Sources */,
			);
			runOnlyForDeploymentPostprocessing = 0;
		};
		8E0013FB21470C7500BC9D10 /* Sources */ = {
			isa = PBXSourcesBuildPhase;
			buildActionMask = 2147483647;
			files = (
				8E00140421470C7500BC9D10 /* Beast_ListTests.swift in Sources */,
			);
			runOnlyForDeploymentPostprocessing = 0;
		};
		8E00140621470C7500BC9D10 /* Sources */ = {
			isa = PBXSourcesBuildPhase;
			buildActionMask = 2147483647;
			files = (
				8E00140F21470C7500BC9D10 /* Beast_ListUITests.swift in Sources */,
			);
			runOnlyForDeploymentPostprocessing = 0;
		};
/* End PBXSourcesBuildPhase section */

/* Begin PBXTargetDependency section */
		8E00140121470C7500BC9D10 /* PBXTargetDependency */ = {
			isa = PBXTargetDependency;
			target = 8E0013EA21470C7400BC9D10 /* Beast List */;
			targetProxy = 8E00140021470C7500BC9D10 /* PBXContainerItemProxy */;
		};
		8E00140C21470C7500BC9D10 /* PBXTargetDependency */ = {
			isa = PBXTargetDependency;
			target = 8E0013EA21470C7400BC9D10 /* Beast List */;
			targetProxy = 8E00140B21470C7500BC9D10 /* PBXContainerItemProxy */;
		};
/* End PBXTargetDependency section */

/* Begin PBXVariantGroup section */
		8E0013F221470C7400BC9D10 /* Main.storyboard */ = {
			isa = PBXVariantGroup;
			children = (
				8E0013F321470C7400BC9D10 /* Base */,
			);
			name = Main.storyboard;
			sourceTree = "<group>";
		};
		8E0013F721470C7500BC9D10 /* LaunchScreen.storyboard */ = {
			isa = PBXVariantGroup;
			children = (
				8E0013F821470C7500BC9D10 /* Base */,
			);
			name = LaunchScreen.storyboard;
			sourceTree = "<group>";
		};
/* End PBXVariantGroup section */

/* Begin XCBuildConfiguration section */
		8E00141121470C7500BC9D10 /* Debug */ = {
			isa = XCBuildConfiguration;
			buildSettings = {
				ALWAYS_SEARCH_USER_PATHS = NO;
				CLANG_ANALYZER_NONNULL = YES;
				CLANG_ANALYZER_NUMBER_OBJECT_CONVERSION = YES_AGGRESSIVE;
				CLANG_CXX_LANGUAGE_STANDARD = "gnu++14";
				CLANG_CXX_LIBRARY = "libc++";
				CLANG_ENABLE_MODULES = YES;
				CLANG_ENABLE_OBJC_ARC = YES;
				CLANG_ENABLE_OBJC_WEAK = YES;
				CLANG_WARN_BLOCK_CAPTURE_AUTORELEASING = YES;
				CLANG_WARN_BOOL_CONVERSION = YES;
				CLANG_WARN_COMMA = YES;
				CLANG_WARN_CONSTANT_CONVERSION = YES;
				CLANG_WARN_DEPRECATED_OBJC_IMPLEMENTATIONS = YES;
				CLANG_WARN_DIRECT_OBJC_ISA_USAGE = YES_ERROR;
				CLANG_WARN_DOCUMENTATION_COMMENTS = YES;
				CLANG_WARN_EMPTY_BODY = YES;
				CLANG_WARN_ENUM_CONVERSION = YES;
				CLANG_WARN_INFINITE_RECURSION = YES;
				CLANG_WARN_INT_CONVERSION = YES;
				CLANG_WARN_NON_LITERAL_NULL_CONVERSION = YES;
				CLANG_WARN_OBJC_IMPLICIT_RETAIN_SELF = YES;
				CLANG_WARN_OBJC_LITERAL_CONVERSION = YES;
				CLANG_WARN_OBJC_ROOT_CLASS = YES_ERROR;
				CLANG_WARN_RANGE_LOOP_ANALYSIS = YES;
				CLANG_WARN_STRICT_PROTOTYPES = YES;
				CLANG_WARN_SUSPICIOUS_MOVE = YES;
				CLANG_WARN_UNGUARDED_AVAILABILITY = YES_AGGRESSIVE;
				CLANG_WARN_UNREACHABLE_CODE = YES;
				CLANG_WARN__DUPLICATE_METHOD_MATCH = YES;
				CODE_SIGN_IDENTITY = "iPhone Developer";
				COPY_PHASE_STRIP = NO;
				DEBUG_INFORMATION_FORMAT = dwarf;
				ENABLE_STRICT_OBJC_MSGSEND = YES;
				ENABLE_TESTABILITY = YES;
				GCC_C_LANGUAGE_STANDARD = gnu11;
				GCC_DYNAMIC_NO_PIC = NO;
				GCC_NO_COMMON_BLOCKS = YES;
				GCC_OPTIMIZATION_LEVEL = 0;
				GCC_PREPROCESSOR_DEFINITIONS = (
					"DEBUG=1",
					"$(inherited)",
				);
				GCC_WARN_64_TO_32_BIT_CONVERSION = YES;
				GCC_WARN_ABOUT_RETURN_TYPE = YES_ERROR;
				GCC_WARN_UNDECLARED_SELECTOR = YES;
				GCC_WARN_UNINITIALIZED_AUTOS = YES_AGGRESSIVE;
				GCC_WARN_UNUSED_FUNCTION = YES;
				GCC_WARN_UNUSED_VARIABLE = YES;
				IPHONEOS_DEPLOYMENT_TARGET = 11.4;
				MTL_ENABLE_DEBUG_INFO = YES;
				ONLY_ACTIVE_ARCH = YES;
				SDKROOT = iphoneos;
				SWIFT_ACTIVE_COMPILATION_CONDITIONS = DEBUG;
				SWIFT_OPTIMIZATION_LEVEL = "-Onone";
			};
			name = Debug;
		};
		8E00141221470C7500BC9D10 /* Release */ = {
			isa = XCBuildConfiguration;
			buildSettings = {
				ALWAYS_SEARCH_USER_PATHS = NO;
				CLANG_ANALYZER_NONNULL = YES;
				CLANG_ANALYZER_NUMBER_OBJECT_CONVERSION = YES_AGGRESSIVE;
				CLANG_CXX_LANGUAGE_STANDARD = "gnu++14";
				CLANG_CXX_LIBRARY = "libc++";
				CLANG_ENABLE_MODULES = YES;
				CLANG_ENABLE_OBJC_ARC = YES;
				CLANG_ENABLE_OBJC_WEAK = YES;
				CLANG_WARN_BLOCK_CAPTURE_AUTORELEASING = YES;
				CLANG_WARN_BOOL_CONVERSION = YES;
				CLANG_WARN_COMMA = YES;
				CLANG_WARN_CONSTANT_CONVERSION = YES;
				CLANG_WARN_DEPRECATED_OBJC_IMPLEMENTATIONS = YES;
				CLANG_WARN_DIRECT_OBJC_ISA_USAGE = YES_ERROR;
				CLANG_WARN_DOCUMENTATION_COMMENTS = YES;
				CLANG_WARN_EMPTY_BODY = YES;
				CLANG_WARN_ENUM_CONVERSION = YES;
				CLANG_WARN_INFINITE_RECURSION = YES;
				CLANG_WARN_INT_CONVERSION = YES;
				CLANG_WARN_NON_LITERAL_NULL_CONVERSION = YES;
				CLANG_WARN_OBJC_IMPLICIT_RETAIN_SELF = YES;
				CLANG_WARN_OBJC_LITERAL_CONVERSION = YES;
				CLANG_WARN_OBJC_ROOT_CLASS = YES_ERROR;
				CLANG_WARN_RANGE_LOOP_ANALYSIS = YES;
				CLANG_WARN_STRICT_PROTOTYPES = YES;
				CLANG_WARN_SUSPICIOUS_MOVE = YES;
				CLANG_WARN_UNGUARDED_AVAILABILITY = YES_AGGRESSIVE;
				CLANG_WARN_UNREACHABLE_CODE = YES;
				CLANG_WARN__DUPLICATE_METHOD_MATCH = YES;
				CODE_SIGN_IDENTITY = "iPhone Developer";
				COPY_PHASE_STRIP = NO;
				DEBUG_INFORMATION_FORMAT = "dwarf-with-dsym";
				ENABLE_NS_ASSERTIONS = NO;
				ENABLE_STRICT_OBJC_MSGSEND = YES;
				GCC_C_LANGUAGE_STANDARD = gnu11;
				GCC_NO_COMMON_BLOCKS = YES;
				GCC_WARN_64_TO_32_BIT_CONVERSION = YES;
				GCC_WARN_ABOUT_RETURN_TYPE = YES_ERROR;
				GCC_WARN_UNDECLARED_SELECTOR = YES;
				GCC_WARN_UNINITIALIZED_AUTOS = YES_AGGRESSIVE;
				GCC_WARN_UNUSED_FUNCTION = YES;
				GCC_WARN_UNUSED_VARIABLE = YES;
				IPHONEOS_DEPLOYMENT_TARGET = 11.4;
				MTL_ENABLE_DEBUG_INFO = NO;
				SDKROOT = iphoneos;
				SWIFT_COMPILATION_MODE = wholemodule;
				SWIFT_OPTIMIZATION_LEVEL = "-O";
				VALIDATE_PRODUCT = YES;
			};
			name = Release;
		};
		8E00141421470C7500BC9D10 /* Debug */ = {
			isa = XCBuildConfiguration;
			buildSettings = {
				ASSETCATALOG_COMPILER_APPICON_NAME = AppIcon;
				CODE_SIGN_STYLE = Automatic;
				DEVELOPMENT_TEAM = W62H62SG9Z;
				INFOPLIST_FILE = "Beast List/Info.plist";
				LD_RUNPATH_SEARCH_PATHS = (
					"$(inherited)",
					"@executable_path/Frameworks",
				);
				PRODUCT_BUNDLE_IDENTIFIER = "com.neilsood.Beast-List";
				PRODUCT_NAME = "$(TARGET_NAME)";
				SWIFT_VERSION = 4.0;
				TARGETED_DEVICE_FAMILY = "1,2";
			};
			name = Debug;
		};
		8E00141521470C7500BC9D10 /* Release */ = {
			isa = XCBuildConfiguration;
			buildSettings = {
				ASSETCATALOG_COMPILER_APPICON_NAME = AppIcon;
				CODE_SIGN_STYLE = Automatic;
				DEVELOPMENT_TEAM = W62H62SG9Z;
				INFOPLIST_FILE = "Beast List/Info.plist";
				LD_RUNPATH_SEARCH_PATHS = (
					"$(inherited)",
					"@executable_path/Frameworks",
				);
				PRODUCT_BUNDLE_IDENTIFIER = "com.neilsood.Beast-List";
				PRODUCT_NAME = "$(TARGET_NAME)";
				SWIFT_VERSION = 4.0;
				TARGETED_DEVICE_FAMILY = "1,2";
			};
			name = Release;
		};
		8E00141721470C7500BC9D10 /* Debug */ = {
			isa = XCBuildConfiguration;
			buildSettings = {
				ALWAYS_EMBED_SWIFT_STANDARD_LIBRARIES = YES;
				BUNDLE_LOADER = "$(TEST_HOST)";
				CODE_SIGN_STYLE = Automatic;
				DEVELOPMENT_TEAM = W62H62SG9Z;
				INFOPLIST_FILE = "Beast ListTests/Info.plist";
				LD_RUNPATH_SEARCH_PATHS = (
					"$(inherited)",
					"@executable_path/Frameworks",
					"@loader_path/Frameworks",
				);
				PRODUCT_BUNDLE_IDENTIFIER = "com.neilsood.Beast-ListTests";
				PRODUCT_NAME = "$(TARGET_NAME)";
				SWIFT_VERSION = 4.0;
				TARGETED_DEVICE_FAMILY = "1,2";
				TEST_HOST = "$(BUILT_PRODUCTS_DIR)/Beast List.app/Beast List";
			};
			name = Debug;
		};
		8E00141821470C7500BC9D10 /* Release */ = {
			isa = XCBuildConfiguration;
			buildSettings = {
				ALWAYS_EMBED_SWIFT_STANDARD_LIBRARIES = YES;
				BUNDLE_LOADER = "$(TEST_HOST)";
				CODE_SIGN_STYLE = Automatic;
				DEVELOPMENT_TEAM = W62H62SG9Z;
				INFOPLIST_FILE = "Beast ListTests/Info.plist";
				LD_RUNPATH_SEARCH_PATHS = (
					"$(inherited)",
					"@executable_path/Frameworks",
					"@loader_path/Frameworks",
				);
				PRODUCT_BUNDLE_IDENTIFIER = "com.neilsood.Beast-ListTests";
				PRODUCT_NAME = "$(TARGET_NAME)";
				SWIFT_VERSION = 4.0;
				TARGETED_DEVICE_FAMILY = "1,2";
				TEST_HOST = "$(BUILT_PRODUCTS_DIR)/Beast List.app/Beast List";
			};
			name = Release;
		};
		8E00141A21470C7500BC9D10 /* Debug */ = {
			isa = XCBuildConfiguration;
			buildSettings = {
				ALWAYS_EMBED_SWIFT_STANDARD_LIBRARIES = YES;
				CODE_SIGN_STYLE = Automatic;
				DEVELOPMENT_TEAM = W62H62SG9Z;
				INFOPLIST_FILE = "Beast ListUITests/Info.plist";
				LD_RUNPATH_SEARCH_PATHS = (
					"$(inherited)",
					"@executable_path/Frameworks",
					"@loader_path/Frameworks",
				);
				PRODUCT_BUNDLE_IDENTIFIER = "com.neilsood.Beast-ListUITests";
				PRODUCT_NAME = "$(TARGET_NAME)";
				SWIFT_VERSION = 4.0;
				TARGETED_DEVICE_FAMILY = "1,2";
				TEST_TARGET_NAME = "Beast List";
			};
			name = Debug;
		};
		8E00141B21470C7500BC9D10 /* Release */ = {
			isa = XCBuildConfiguration;
			buildSettings = {
				ALWAYS_EMBED_SWIFT_STANDARD_LIBRARIES = YES;
				CODE_SIGN_STYLE = Automatic;
				DEVELOPMENT_TEAM = W62H62SG9Z;
				INFOPLIST_FILE = "Beast ListUITests/Info.plist";
				LD_RUNPATH_SEARCH_PATHS = (
					"$(inherited)",
					"@executable_path/Frameworks",
					"@loader_path/Frameworks",
				);
				PRODUCT_BUNDLE_IDENTIFIER = "com.neilsood.Beast-ListUITests";
				PRODUCT_NAME = "$(TARGET_NAME)";
				SWIFT_VERSION = 4.0;
				TARGETED_DEVICE_FAMILY = "1,2";
				TEST_TARGET_NAME = "Beast List";
			};
			name = Release;
		};
/* End XCBuildConfiguration section */

/* Begin XCConfigurationList section */
		8E0013E621470C7400BC9D10 /* Build configuration list for PBXProject "Beast List" */ = {
			isa = XCConfigurationList;
			buildConfigurations = (
				8E00141121470C7500BC9D10 /* Debug */,
				8E00141221470C7500BC9D10 /* Release */,
			);
			defaultConfigurationIsVisible = 0;
			defaultConfigurationName = Release;
		};
		8E00141321470C7500BC9D10 /* Build configuration list for PBXNativeTarget "Beast List" */ = {
			isa = XCConfigurationList;
			buildConfigurations = (
				8E00141421470C7500BC9D10 /* Debug */,
				8E00141521470C7500BC9D10 /* Release */,
			);
			defaultConfigurationIsVisible = 0;
			defaultConfigurationName = Release;
		};
		8E00141621470C7500BC9D10 /* Build configuration list for PBXNativeTarget "Beast ListTests" */ = {
			isa = XCConfigurationList;
			buildConfigurations = (
				8E00141721470C7500BC9D10 /* Debug */,
				8E00141821470C7500BC9D10 /* Release */,
			);
			defaultConfigurationIsVisible = 0;
			defaultConfigurationName = Release;
		};
		8E00141921470C7500BC9D10 /* Build configuration list for PBXNativeTarget "Beast ListUITests" */ = {
			isa = XCConfigurationList;
			buildConfigurations = (
				8E00141A21470C7500BC9D10 /* Debug */,
				8E00141B21470C7500BC9D10 /* Release */,
			);
			defaultConfigurationIsVisible = 0;
			defaultConfigurationName = Release;
		};
/* End XCConfigurationList section */
	};
	rootObject = 8E0013E321470C7400BC9D10 /* Project object */;
}
